Microsoft Visual Studio Solution File, Format Version 12.00
# Visual Studio Version 17
VisualStudioVersion = 17.5.2.0
MinimumVisualStudioVersion = 10.0.40219.1
Project("{2150E333-8FDC-42A3-9474-1A3956D46DE8}") = "unity-client", "unity-client", "{9EB52F44-3534-6C5D-4E13-AA506FD15A0E}"
EndProject
Project("{FAE04EC0-301F-11D3-BF4B-00C04F79EFBC}") = "Assembly-CSharp", "unity-client\Assembly-CSharp.csproj", "{C7F8FB01-4819-D910-920C-7FC18769CA7E}"
EndProject
Global
	GlobalSection(SolutionConfigurationPlatforms) = preSolution
		Debug|Any CPU = Debug|Any CPU
		Release|Any CPU = Release|Any CPU
	EndGlobalSection
	GlobalSection(ProjectConfigurationPlatforms) = postSolution
		{C7F8FB01-4819-D910-920C-7FC18769CA7E}.Debug|Any CPU.ActiveCfg = Debug|Any CPU
		{C7F8FB01-4819-D910-920C-7FC18769CA7E}.Debug|Any CPU.Build.0 = Debug|Any CPU
		{C7F8FB01-4819-D910-920C-7FC18769CA7E}.Release|Any CPU.ActiveCfg = Release|Any CPU
		{C7F8FB01-4819-D910-920C-7FC18769CA7E}.Release|Any CPU.Build.0 = Release|Any CPU
	EndGlobalSection
	GlobalSection(SolutionProperties) = preSolution
		HideSolutionNode = FALSE
	EndGlobalSection
	GlobalSection(NestedProjects) = preSolution
		{C7F8FB01-4819-D910-920C-7FC18769CA7E} = {9EB52F44-3534-6C5D-4E13-AA506FD15A0E}
	EndGlobalSection
	GlobalSection(ExtensibilityGlobals) = postSolution
		SolutionGuid = {7649E317-9759-4A7C-A3BF-49EC44267D5A}
	EndGlobalSection
EndGlobal
